
Microsoft Visual Studio Solution File, Format Version 12.00
# Visual Studio 15
VisualStudioVersion = 15.0.27130.0
MinimumVisualStudioVersion = 10.0.40219.1
Project("{FAE04EC0-301F-11D3-BF4B-00C04F79EFBC}") = "ConsoleApp1", "ConsoleApp1\ConsoleApp1.csproj", "{9F6DC136-D1E2-430E-A342-3587C3B3A0BE}"
EndProject
Project("{FAE04EC0-301F-11D3-BF4B-00C04F79EFBC}") = "ConsoleApp2", "ConsoleApp2\ConsoleApp2.csproj", "{C5ECEC92-8A65-4F92-9999-4C3B8E2DB179}"
EndProject
Project("{FAE04EC0-301F-11D3-BF4B-00C04F79EFBC}") = "Practice", "Practice\Practice.csproj", "{D09D9B6D-41C1-4C16-86C7-130B9C88287A}"
EndProject
Project("{FAE04EC0-301F-11D3-BF4B-00C04F79EFBC}") = "Ses03", "Ses03\Ses03.csproj", "{6402E483-F25A-46AB-B321-45E7F21D80AF}"
EndProject
Project("{FAE04EC0-301F-11D3-BF4B-00C04F79EFBC}") = "TrainingData", "ConsoleApp3\TrainingData.csproj", "{2783389E-F174-49FB-92D5-2A250ECE9ED6}"
EndProject
Global
	GlobalSection(SolutionConfigurationPlatforms) = preSolution
		Debug|Any CPU = Debug|Any CPU
		Release|Any CPU = Release|Any CPU
	EndGlobalSection
	GlobalSection(ProjectConfigurationPlatforms) = postSolution
		{9F6DC136-D1E2-430E-A342-3587C3B3A0BE}.Debug|Any CPU.ActiveCfg = Debug|Any CPU
		{9F6DC136-D1E2-430E-A342-3587C3B3A0BE}.Debug|Any CPU.Build.0 = Debug|Any CPU
		{9F6DC136-D1E2-430E-A342-3587C3B3A0BE}.Release|Any CPU.ActiveCfg = Release|Any CPU
		{9F6DC136-D1E2-430E-A342-3587C3B3A0BE}.Release|Any CPU.Build.0 = Release|Any CPU
		{C5ECEC92-8A65-4F92-9999-4C3B8E2DB179}.Debug|Any CPU.ActiveCfg = Debug|Any CPU
		{C5ECEC92-8A65-4F92-9999-4C3B8E2DB179}.Debug|Any CPU.Build.0 = Debug|Any CPU
		{C5ECEC92-8A65-4F92-9999-4C3B8E2DB179}.Release|Any CPU.ActiveCfg = Release|Any CPU
		{C5ECEC92-8A65-4F92-9999-4C3B8E2DB179}.Release|Any CPU.Build.0 = Release|Any CPU
		{D09D9B6D-41C1-4C16-86C7-130B9C88287A}.Debug|Any CPU.ActiveCfg = Debug|Any CPU
		{D09D9B6D-41C1-4C16-86C7-130B9C88287A}.Debug|Any CPU.Build.0 = Debug|Any CPU
		{D09D9B6D-41C1-4C16-86C7-130B9C88287A}.Release|Any CPU.ActiveCfg = Release|Any CPU
		{D09D9B6D-41C1-4C16-86C7-130B9C88287A}.Release|Any CPU.Build.0 = Release|Any CPU
		{6402E483-F25A-46AB-B321-45E7F21D80AF}.Debug|Any CPU.ActiveCfg = Debug|Any CPU
		{6402E483-F25A-46AB-B321-45E7F21D80AF}.Debug|Any CPU.Build.0 = Debug|Any CPU
		{6402E483-F25A-46AB-B321-45E7F21D80AF}.Release|Any CPU.ActiveCfg = Release|Any CPU
		{6402E483-F25A-46AB-B321-45E7F21D80AF}.Release|Any CPU.Build.0 = Release|Any CPU
		{2783389E-F174-49FB-92D5-2A250ECE9ED6}.Debug|Any CPU.ActiveCfg = Debug|Any CPU
		{2783389E-F174-49FB-92D5-2A250ECE9ED6}.Debug|Any CPU.Build.0 = Debug|Any CPU
		{2783389E-F174-49FB-92D5-2A250ECE9ED6}.Release|Any CPU.ActiveCfg = Release|Any CPU
		{2783389E-F174-49FB-92D5-2A250ECE9ED6}.Release|Any CPU.Build.0 = Release|Any CPU
	EndGlobalSection
	GlobalSection(SolutionProperties) = preSolution
		HideSolutionNode = FALSE
	EndGlobalSection
	GlobalSection(ExtensibilityGlobals) = postSolution
		SolutionGuid = {C0536F06-3308-4199-A755-9FAB5EFC9BD2}
	EndGlobalSection
EndGlobal
